<?xml version="1.0" encoding="utf-8"?>
<Project ToolsVersion="4.0" xmlns="http://schemas.microsoft.com/developer/msbuild/2003">
  <ItemGroup>
    <Filter Include="Source Files">
      <UniqueIdentifier>{4FC737F1-C7A5-4376-A066-2A32D752A2FF}</UniqueIdentifier>
      <Extensions>cpp;c;cc;cxx;def;odl;idl;hpj;bat;asm;asmx</Extensions>
    </Filter>
    <Filter Include="Header Files">
      <UniqueIdentifier>{93995380-89BD-4b04-88EB-625FBE52EBFB}</UniqueIdentifier>
      <Extensions>h;hh;hpp;hxx;hm;inl;inc;ipp;xsd</Extensions>
    </Filter>
    <Filter Include="Resource Files">
      <UniqueIdentifier>{67DA6AB6-F800-4c08-8B7A-83BB121AAD01}</UniqueIdentifier>
      <Extensions>rc;ico;cur;bmp;dlg;rc2;rct;bin;rgs;gif;jpg;jpeg;jpe;resx;tiff;tif;png;wav;mfcribbon-ms</Extensions>
    </Filter>
    <Filter Include="Source Files\Observers">
      <UniqueIdentifier>{9d6e878e-619e-47d7-9f1d-1048e23894d0}</UniqueIdentifier>
    </Filter>
    <Filter Include="Header Files\Observers">
      <UniqueIdentifier>{ff9ebb07-ddf4-45e5-b840-76bb8cce05f6}</UniqueIdentifier>
    </Filter>
    <Filter Include="Source Files\Controllers">
      <UniqueIdentifier>{01abb8a1-078f-4ed8-8090-bf8bc6cdd15c}</UniqueIdentifier>
    </Filter>
    <Filter Include="Source Files\Events">
      <UniqueIdentifier>{c19c893b-74cf-4fb0-a2ac-5b8642807da2}</UniqueIdentifier>
    </Filter>
    <Filter Include="Header Files\Controllers">
      <UniqueIdentifier>{cbe59bde-c430-47bf-80b2-4808c8073517}</UniqueIdentifier>
    </Filter>
    <Filter Include="Header Files\Events">
      <UniqueIdentifier>{f5c8cfca-2ff9-4750-bd61-9a6c902866c0}</UniqueIdentifier>
    </Filter>
    <Filter Include="Header Files\Network">
      <UniqueIdentifier>{4175c8b9-5943-48d4-b090-9c66e5713a33}</UniqueIdentifier>
    </Filter>
    <Filter Include="Source Files\Network">
      <UniqueIdentifier>{0c0d131c-5f78-4603-b5c4-4c38f00fdcd4}</UniqueIdentifier>
    </Filter>
    <Filter Include="Source Files\Game">
      <UniqueIdentifier>{a0d7eedd-5aee-47a3-9ef7-2d5a448c2d1d}</UniqueIdentifier>
    </Filter>
    <Filter Include="Header Files\Game">
      <UniqueIdentifier>{d9e836e9-5c86-4423-8527-20cb99846fd2}</UniqueIdentifier>
    </Filter>
    <Filter Include="Header Files\Allegro">
      <UniqueIdentifier>{28db8cac-11ad-44f6-92f9-b96bce33a5f7}</UniqueIdentifier>
    </Filter>
    <Filter Include="Source Files\Allegro">
      <UniqueIdentifier>{ffbb4b8c-83c4-44c5-957d-4469c02a2606}</UniqueIdentifier>
    </Filter>
    <Filter Include="Source Files\FSM">
      <UniqueIdentifier>{0e226fe8-375b-4f1a-a214-064fd656006c}</UniqueIdentifier>
    </Filter>
    <Filter Include="Source Files\FSM\Server">
      <UniqueIdentifier>{1ed983b1-0089-4944-a804-7e5fddfeaad5}</UniqueIdentifier>
    </Filter>
    <Filter Include="Source Files\FSM\Client">
      <UniqueIdentifier>{d50e6679-0e1c-4b3d-a8c3-2bbc9e7fe0cf}</UniqueIdentifier>
    </Filter>
    <Filter Include="Header Files\FSM">
      <UniqueIdentifier>{3203800d-fb13-459d-b18a-4bb2cdc88b79}</UniqueIdentifier>
    </Filter>
    <Filter Include="Header Files\FSM\Client">
      <UniqueIdentifier>{7831713a-d3c7-4c9d-be41-fc7e8f2e12a4}</UniqueIdentifier>
    </Filter>
    <Filter Include="Header Files\FSM\Server">
      <UniqueIdentifier>{f5d752a8-1576-45fc-9321-3f003a4d7035}</UniqueIdentifier>
    </Filter>
  </ItemGroup>
  <ItemGroup>
    <ClCompile Include="Main.cpp">
      <Filter>Source Files</Filter>
    </ClCompile>
    <ClCompile Include="Controllers\AllegroEventGetter.cpp">
      <Filter>Source Files\Controllers</Filter>
    </ClCompile>
    <ClCompile Include="Observers\Observer.cpp">
      <Filter>Source Files\Observers</Filter>
    </ClCompile>
    <ClCompile Include="Observers\drawStage.cpp">
      <Filter>Source Files\Observers</Filter>
    </ClCompile>
    <ClCompile Include="Events\EventHandler.cpp">
      <Filter>Source Files\Events</Filter>
    </ClCompile>
    <ClCompile Include="Events\Timer.cpp">
      <Filter>Source Files\Events</Filter>
    </ClCompile>
    <ClCompile Include="CursesClass.cpp">
      <Filter>Source Files</Filter>
    </ClCompile>
    <ClCompile Include="UserHandler.cpp">
      <Filter>Source Files</Filter>
    </ClCompile>
    <ClCompile Include="Game\Stage.cpp">
      <Filter>Source Files\Game</Filter>
    </ClCompile>
    <ClCompile Include="Game\Worm.cpp">
      <Filter>Source Files\Game</Filter>
    </ClCompile>
    <ClCompile Include="Allegro\AllegroClass.cpp">
      <Filter>Source Files\Allegro</Filter>
    </ClCompile>
    <ClCompile Include="Allegro\WrittenBox.cpp">
      <Filter>Source Files\Allegro</Filter>
    </ClCompile>
    <ClCompile Include="Network\Client.cpp">
      <Filter>Source Files\Network</Filter>
    </ClCompile>
    <ClCompile Include="Network\Sever.cpp">
      <Filter>Source Files\Network</Filter>
    </ClCompile>
    <ClCompile Include="NetworkEvents.cpp">
      <Filter>Source Files\Network</Filter>
    </ClCompile>
    <ClCompile Include="FSM Server\fsmServer.cpp">
      <Filter>Source Files\FSM\Server</Filter>
    </ClCompile>
    <ClCompile Include="FSM Server\eventsServer.cpp">
      <Filter>Source Files\FSM\Server</Filter>
    </ClCompile>
    <ClCompile Include="FSM Client\fsmClient.cpp">
      <Filter>Source Files\FSM\Client</Filter>
    </ClCompile>
    <ClCompile Include="FSM Client\eventsClient.cpp">
      <Filter>Source Files\FSM\Client</Filter>
    </ClCompile>
    <ClCompile Include="Network\Packet.cpp">
      <Filter>Source Files\Network</Filter>
    </ClCompile>
    <ClCompile Include="Parser\Parser.cpp">
      <Filter>Source Files</Filter>
    </ClCompile>
  </ItemGroup>
  <ItemGroup>
    <ClInclude Include="Observers\Observer.h">
      <Filter>Header Files\Observers</Filter>
    </ClInclude>
    <ClInclude Include="Observers\drawStage.h">
      <Filter>Header Files\Observers</Filter>
    </ClInclude>
    <ClInclude Include="Controllers\AllegroEventGetter.h">
      <Filter>Header Files\Controllers</Filter>
    </ClInclude>
    <ClInclude Include="Controllers\Controller.h">
      <Filter>Header Files\Controllers</Filter>
    </ClInclude>
    <ClInclude Include="Events\Ev_t.h">
      <Filter>Header Files\Events</Filter>
    </ClInclude>
    <ClInclude Include="Events\EventHandler.h">
      <Filter>Header Files\Events</Filter>
    </ClInclude>
    <ClInclude Include="Events\Timer.h">
      <Filter>Header Files\Events</Filter>
    </ClInclude>
    <ClInclude Include="CursesClass.h">
      <Filter>Header Files</Filter>
    </ClInclude>
    <ClInclude Include="UserHandler.h">
      <Filter>Header Files</Filter>
    </ClInclude>
    <ClInclude Include="Game\Stage.h">
      <Filter>Header Files\Game</Filter>
    </ClInclude>
    <ClInclude Include="Game\Worm.h">
      <Filter>Header Files\Game</Filter>
    </ClInclude>
    <ClInclude Include="Allegro\AllegroClass.h">
      <Filter>Header Files\Allegro</Filter>
    </ClInclude>
    <ClInclude Include="Allegro\WrittenBox.h">
      <Filter>Header Files\Allegro</Filter>
    </ClInclude>
    <ClInclude Include="Network\Client.h">
      <Filter>Header Files\Network</Filter>
    </ClInclude>
    <ClInclude Include="Network\Server.h">
      <Filter>Header Files\Network</Filter>
    </ClInclude>
    <ClInclude Include="Network\NetworkEvents.h">
      <Filter>Header Files\Network</Filter>
    </ClInclude>
    <ClInclude Include="FSM Server\eventsServer.h">
      <Filter>Header Files\FSM\Server</Filter>
    </ClInclude>
    <ClInclude Include="FSM Server\fsmServer.h">
      <Filter>Header Files\FSM\Server</Filter>
    </ClInclude>
    <ClInclude Include="FSM Client\eventsClient.h">
      <Filter>Header Files\FSM\Client</Filter>
    </ClInclude>
    <ClInclude Include="FSM Client\fsmClient.h">
      <Filter>Header Files\FSM\Client</Filter>
    </ClInclude>
    <ClInclude Include="FSMData.h">
      <Filter>Header Files\FSM</Filter>
    </ClInclude>
    <ClInclude Include="Network\Packet.h">
      <Filter>Header Files\Network</Filter>
    </ClInclude>
    <ClInclude Include="Network\IPData.h">
      <Filter>Header Files\Network</Filter>
    </ClInclude>
    <ClInclude Include="Parser\Parser.h">
      <Filter>Header Files</Filter>
    </ClInclude>
  </ItemGroup>
  <ItemGroup>
    <None Include="packages.config" />
  </ItemGroup>
</Project>